
Microsoft Visual Studio Solution File, Format Version 12.00
# Visual Studio Version 17
VisualStudioVersion = 17.0.32112.339
MinimumVisualStudioVersion = 10.0.40219.1
Project("{FAE04EC0-301F-11D3-BF4B-00C04F79EFBC}") = "Calculadora.ConsoleApp", "Calculadora.ConsoleApp\Calculadora.ConsoleApp.csproj", "{B5CAAE31-2C1E-4D7A-AA24-1A65FE939A68}"
EndProject
Global
	GlobalSection(SolutionConfigurationPlatforms) = preSolution
		Debug|Any CPU = Debug|Any CPU
		Release|Any CPU = Release|Any CPU
	EndGlobalSection
	GlobalSection(ProjectConfigurationPlatforms) = postSolution
		{B5CAAE31-2C1E-4D7A-AA24-1A65FE939A68}.Debug|Any CPU.ActiveCfg = Debug|Any CPU
		{B5CAAE31-2C1E-4D7A-AA24-1A65FE939A68}.Debug|Any CPU.Build.0 = Debug|Any CPU
		{B5CAAE31-2C1E-4D7A-AA24-1A65FE939A68}.Release|Any CPU.ActiveCfg = Release|Any CPU
		{B5CAAE31-2C1E-4D7A-AA24-1A65FE939A68}.Release|Any CPU.Build.0 = Release|Any CPU
	EndGlobalSection
	GlobalSection(SolutionProperties) = preSolution
		HideSolutionNode = FALSE
	EndGlobalSection
	GlobalSection(ExtensibilityGlobals) = postSolution
		SolutionGuid = {41F487F4-5CDD-4267-9262-821BFA08569A}
	EndGlobalSection
EndGlobal
